// !$*UTF8*$!
{
	archiveVersion = 1;
	classes = {
	};
	objectVersion = 46;
	objects = {

/* Begin PBXBuildFile section */
		009387491325E43300BF53A0 /* UIKit.framework in Frameworks */ = {isa = PBXBuildFile; fileRef = 009387481325E43300BF53A0 /* UIKit.framework */; };
		0093874B1325E43300BF53A0 /* Foundation.framework in Frameworks */ = {isa = PBXBuildFile; fileRef = 0093874A1325E43300BF53A0 /* Foundation.framework */; };
		0093874D1325E43300BF53A0 /* CoreGraphics.framework in Frameworks */ = {isa = PBXBuildFile; fileRef = 0093874C1325E43300BF53A0 /* CoreGraphics.framework */; };
		009387531325E43300BF53A0 /* InfoPlist.strings in Resources */ = {isa = PBXBuildFile; fileRef = 009387511325E43300BF53A0 /* InfoPlist.strings */; };
		009387561325E43300BF53A0 /* main.m in Sources */ = {isa = PBXBuildFile; fileRef = 009387551325E43300BF53A0 /* main.m */; };
		009387591325E43300BF53A0 /* PFGridViewDemoAppDelegate.m in Sources */ = {isa = PBXBuildFile; fileRef = 009387581325E43300BF53A0 /* PFGridViewDemoAppDelegate.m */; };
		0093875C1325E43400BF53A0 /* MainWindow.xib in Resources */ = {isa = PBXBuildFile; fileRef = 0093875A1325E43400BF53A0 /* MainWindow.xib */; };
		0093875F1325E43400BF53A0 /* PFGridViewDemoViewController.m in Sources */ = {isa = PBXBuildFile; fileRef = 0093875E1325E43400BF53A0 /* PFGridViewDemoViewController.m */; };
		009387621325E43400BF53A0 /* PFGridViewDemoViewController.xib in Resources */ = {isa = PBXBuildFile; fileRef = 009387601325E43400BF53A0 /* PFGridViewDemoViewController.xib */; };
		30FA11F21624DDFA00A9750E /* Default-568h@2x.png in Resources */ = {isa = PBXBuildFile; fileRef = 30FA11F11624DDFA00A9750E /* Default-568h@2x.png */; };
		30FA12031624DE4600A9750E /* libPFGridView.a in Frameworks */ = {isa = PBXBuildFile; fileRef = 30FA11F81624DE1B00A9750E /* libPFGridView.a */; };
/* End PBXBuildFile section */

/* Begin PBXContainerItemProxy section */
		30FA11F71624DE1B00A9750E /* PBXContainerItemProxy */ = {
			isa = PBXContainerItemProxy;
			containerPortal = 30FA11F31624DE1B00A9750E /* PFGridView.xcodeproj */;
			proxyType = 2;
			remoteGlobalIDString = 0093872C1325E3D000BF53A0;
			remoteInfo = PFGridView;
		};
/* End PBXContainerItemProxy section */

/* Begin PBXFileReference section */
		009387441325E43300BF53A0 /* PFGridViewDemo.app */ = {isa = PBXFileReference; explicitFileType = wrapper.application; includeInIndex = 0; path = PFGridViewDemo.app; sourceTree = BUILT_PRODUCTS_DIR; };
		009387481325E43300BF53A0 /* UIKit.framework */ = {isa = PBXFileReference; lastKnownFileType = wrapper.framework; name = UIKit.framework; path = System/Library/Frameworks/UIKit.framework; sourceTree = SDKROOT; };
		0093874A1325E43300BF53A0 /* Foundation.framework */ = {isa = PBXFileReference; lastKnownFileType = wrapper.framework; name = Foundation.framework; path = System/Library/Frameworks/Foundation.framework; sourceTree = SDKROOT; };
		0093874C1325E43300BF53A0 /* CoreGraphics.framework */ = {isa = PBXFileReference; lastKnownFileType = wrapper.framework; name = CoreGraphics.framework; path = System/Library/Frameworks/CoreGraphics.framework; sourceTree = SDKROOT; };
		009387501325E43300BF53A0 /* PFGridViewDemo-Info.plist */ = {isa = PBXFileReference; lastKnownFileType = text.plist.xml; path = "PFGridViewDemo-Info.plist"; sourceTree = "<group>"; };
		009387521325E43300BF53A0 /* en */ = {isa = PBXFileReference; lastKnownFileType = text.plist.strings; name = en; path = en.lproj/InfoPlist.strings; sourceTree = "<group>"; };
		009387541325E43300BF53A0 /* PFGridViewDemo-Prefix.pch */ = {isa = PBXFileReference; lastKnownFileType = sourcecode.c.h; path = "PFGridViewDemo-Prefix.pch"; sourceTree = "<group>"; };
		009387551325E43300BF53A0 /* main.m */ = {isa = PBXFileReference; lastKnownFileType = sourcecode.c.objc; path = main.m; sourceTree = "<group>"; };
		009387571325E43300BF53A0 /* PFGridViewDemoAppDelegate.h */ = {isa = PBXFileReference; lastKnownFileType = sourcecode.c.h; path = PFGridViewDemoAppDelegate.h; sourceTree = "<group>"; };
		009387581325E43300BF53A0 /* PFGridViewDemoAppDelegate.m */ = {isa = PBXFileReference; lastKnownFileType = sourcecode.c.objc; path = PFGridViewDemoAppDelegate.m; sourceTree = "<group>"; };
		0093875B1325E43400BF53A0 /* en */ = {isa = PBXFileReference; lastKnownFileType = file.xib; name = en; path = en.lproj/MainWindow.xib; sourceTree = "<group>"; };
		0093875D1325E43400BF53A0 /* PFGridViewDemoViewController.h */ = {isa = PBXFileReference; lastKnownFileType = sourcecode.c.h; path = PFGridViewDemoViewController.h; sourceTree = "<group>"; };
		0093875E1325E43400BF53A0 /* PFGridViewDemoViewController.m */ = {isa = PBXFileReference; lastKnownFileType = sourcecode.c.objc; path = PFGridViewDemoViewController.m; sourceTree = "<group>"; };
		009387611325E43400BF53A0 /* en */ = {isa = PBXFileReference; lastKnownFileType = file.xib; name = en; path = en.lproj/PFGridViewDemoViewController.xib; sourceTree = "<group>"; };
		009387861326231700BF53A0 /* libPFGridView.a */ = {isa = PBXFileReference; explicitFileType = archive.ar; path = libPFGridView.a; sourceTree = BUILT_PRODUCTS_DIR; };
		009387901326239600BF53A0 /* PFGridView.h */ = {isa = PBXFileReference; fileEncoding = 4; lastKnownFileType = sourcecode.c.h; path = PFGridView.h; sourceTree = "<group>"; };
		30FA11F11624DDFA00A9750E /* Default-568h@2x.png */ = {isa = PBXFileReference; lastKnownFileType = image.png; path = "Default-568h@2x.png"; sourceTree = "<group>"; };
		30FA11F31624DE1B00A9750E /* PFGridView.xcodeproj */ = {isa = PBXFileReference; lastKnownFileType = "wrapper.pb-project"; name = PFGridView.xcodeproj; path = ../PFGridView/PFGridView.xcodeproj; sourceTree = "<group>"; };
/* End PBXFileReference section */

/* Begin PBXFrameworksBuildPhase section */
		009387411325E43300BF53A0 /* Frameworks */ = {
			isa = PBXFrameworksBuildPhase;
			buildActionMask = 2147483647;
			files = (
				30FA12031624DE4600A9750E /* libPFGridView.a in Frameworks */,
				009387491325E43300BF53A0 /* UIKit.framework in Frameworks */,
				0093874B1325E43300BF53A0 /* Foundation.framework in Frameworks */,
				0093874D1325E43300BF53A0 /* CoreGraphics.framework in Frameworks */,
			);
			runOnlyForDeploymentPostprocessing = 0;
		};
/* End PBXFrameworksBuildPhase section */

/* Begin PBXGroup section */
		009387391325E43300BF53A0 = {
			isa = PBXGroup;
			children = (
				30FA11F31624DE1B00A9750E /* PFGridView.xcodeproj */,
				30FA11F11624DDFA00A9750E /* Default-568h@2x.png */,
				0093878A1326239600BF53A0 /* PFGridView */,
				0093874E1325E43300BF53A0 /* PFGridViewDemo */,
				009387471325E43300BF53A0 /* Frameworks */,
				009387451325E43300BF53A0 /* Products */,
			);
			sourceTree = "<group>";
		};
		009387451325E43300BF53A0 /* Products */ = {
			isa = PBXGroup;
			children = (
				009387441325E43300BF53A0 /* PFGridViewDemo.app */,
			);
			name = Products;
			sourceTree = "<group>";
		};
		009387471325E43300BF53A0 /* Frameworks */ = {
			isa = PBXGroup;
			children = (
				009387861326231700BF53A0 /* libPFGridView.a */,
				009387481325E43300BF53A0 /* UIKit.framework */,
				0093874A1325E43300BF53A0 /* Foundation.framework */,
				0093874C1325E43300BF53A0 /* CoreGraphics.framework */,
			);
			name = Frameworks;
			sourceTree = "<group>";
		};
		0093874E1325E43300BF53A0 /* PFGridViewDemo */ = {
			isa = PBXGroup;
			children = (
				009387571325E43300BF53A0 /* PFGridViewDemoAppDelegate.h */,
				009387581325E43300BF53A0 /* PFGridViewDemoAppDelegate.m */,
				0093875A1325E43400BF53A0 /* MainWindow.xib */,
				0093875D1325E43400BF53A0 /* PFGridViewDemoViewController.h */,
				0093875E1325E43400BF53A0 /* PFGridViewDemoViewController.m */,
				009387601325E43400BF53A0 /* PFGridViewDemoViewController.xib */,
				0093874F1325E43300BF53A0 /* Supporting Files */,
			);
			path = PFGridViewDemo;
			sourceTree = "<group>";
		};
		0093874F1325E43300BF53A0 /* Supporting Files */ = {
			isa = PBXGroup;
			children = (
				009387501325E43300BF53A0 /* PFGridViewDemo-Info.plist */,
				009387511325E43300BF53A0 /* InfoPlist.strings */,
				009387541325E43300BF53A0 /* PFGridViewDemo-Prefix.pch */,
				009387551325E43300BF53A0 /* main.m */,
			);
			name = "Supporting Files";
			sourceTree = "<group>";
		};
		0093878A1326239600BF53A0 /* PFGridView */ = {
			isa = PBXGroup;
			children = (
				009387901326239600BF53A0 /* PFGridView.h */,
			);
			name = PFGridView;
			path = ../PFGridView/PFGridView;
			sourceTree = "<group>";
		};
		30FA11F41624DE1B00A9750E /* Products */ = {
			isa = PBXGroup;
			children = (
				30FA11F81624DE1B00A9750E /* libPFGridView.a */,
			);
			name = Products;
			sourceTree = "<group>";
		};
/* End PBXGroup section */

/* Begin PBXNativeTarget section */
		009387431325E43300BF53A0 /* PFGridViewDemo */ = {
			isa = PBXNativeTarget;
			buildConfigurationList = 009387651325E43400BF53A0 /* Build configuration list for PBXNativeTarget "PFGridViewDemo" */;
			buildPhases = (
				009387401325E43300BF53A0 /* Sources */,
				009387411325E43300BF53A0 /* Frameworks */,
				009387421325E43300BF53A0 /* Resources */,
			);
			buildRules = (
			);
			dependencies = (
			);
			name = PFGridViewDemo;
			productName = PFGridViewDemo;
			productReference = 009387441325E43300BF53A0 /* PFGridViewDemo.app */;
			productType = "com.apple.product-type.application";
		};
/* End PBXNativeTarget section */

/* Begin PBXProject section */
		0093873B1325E43300BF53A0 /* Project object */ = {
			isa = PBXProject;
			attributes = {
				ORGANIZATIONNAME = Exoweb;
			};
			buildConfigurationList = 0093873E1325E43300BF53A0 /* Build configuration list for PBXProject "PFGridViewDemo" */;
			compatibilityVersion = "Xcode 3.2";
			developmentRegion = English;
			hasScannedForEncodings = 0;
			knownRegions = (
				en,
			);
			mainGroup = 009387391325E43300BF53A0;
			productRefGroup = 009387451325E43300BF53A0 /* Products */;
			projectDirPath = "";
			projectReferences = (
				{
					ProductGroup = 30FA11F41624DE1B00A9750E /* Products */;
					ProjectRef = 30FA11F31624DE1B00A9750E /* PFGridView.xcodeproj */;
				},
			);
			projectRoot = "";
			targets = (
				009387431325E43300BF53A0 /* PFGridViewDemo */,
			);
		};
/* End PBXProject section */

/* Begin PBXReferenceProxy section */
		30FA11F81624DE1B00A9750E /* libPFGridView.a */ = {
			isa = PBXReferenceProxy;
			fileType = archive.ar;
			path = libPFGridView.a;
			remoteRef = 30FA11F71624DE1B00A9750E /* PBXContainerItemProxy */;
			sourceTree = BUILT_PRODUCTS_DIR;
		};
/* End PBXReferenceProxy section */

/* Begin PBXResourcesBuildPhase section */
		009387421325E43300BF53A0 /* Resources */ = {
			isa = PBXResourcesBuildPhase;
			buildActionMask = 2147483647;
			files = (
				009387531325E43300BF53A0 /* InfoPlist.strings in Resources */,
				0093875C1325E43400BF53A0 /* MainWindow.xib in Resources */,
				009387621325E43400BF53A0 /* PFGridViewDemoViewController.xib in Resources */,
				30FA11F21624DDFA00A9750E /* Default-568h@2x.png in Resources */,
			);
			runOnlyForDeploymentPostprocessing = 0;
		};
/* End PBXResourcesBuildPhase section */

/* Begin PBXSourcesBuildPhase section */
		009387401325E43300BF53A0 /* Sources */ = {
			isa = PBXSourcesBuildPhase;
			buildActionMask = 2147483647;
			files = (
				009387561325E43300BF53A0 /* main.m in Sources */,
				009387591325E43300BF53A0 /* PFGridViewDemoAppDelegate.m in Sources */,
				0093875F1325E43400BF53A0 /* PFGridViewDemoViewController.m in Sources */,
			);
			runOnlyForDeploymentPostprocessing = 0;
		};
/* End PBXSourcesBuildPhase section */

/* Begin PBXVariantGroup section */
		009387511325E43300BF53A0 /* InfoPlist.strings */ = {
			isa = PBXVariantGroup;
			children = (
				009387521325E43300BF53A0 /* en */,
			);
			name = InfoPlist.strings;
			sourceTree = "<group>";
		};
		0093875A1325E43400BF53A0 /* MainWindow.xib */ = {
			isa = PBXVariantGroup;
			children = (
				0093875B1325E43400BF53A0 /* en */,
			);
			name = MainWindow.xib;
			sourceTree = "<group>";
		};
		009387601325E43400BF53A0 /* PFGridViewDemoViewController.xib */ = {
			isa = PBXVariantGroup;
			children = (
				009387611325E43400BF53A0 /* en */,
			);
			name = PFGridViewDemoViewController.xib;
			sourceTree = "<group>";
		};
/* End PBXVariantGroup section */

/* Begin XCBuildConfiguration section */
		009387631325E43400BF53A0 /* Debug */ = {
			isa = XCBuildConfiguration;
			buildSettings = {
				ARCHS = "$(ARCHS_UNIVERSAL_IPHONE_OS)";
				"CODE_SIGN_IDENTITY[sdk=iphoneos*]" = "iPhone Developer";
				GCC_C_LANGUAGE_STANDARD = gnu99;
				GCC_OPTIMIZATION_LEVEL = 0;
				GCC_PREPROCESSOR_DEFINITIONS = DEBUG;
				GCC_VERSION = com.apple.compilers.llvmgcc42;
				GCC_WARN_ABOUT_RETURN_TYPE = YES;
				GCC_WARN_UNUSED_VARIABLE = YES;
				IPHONEOS_DEPLOYMENT_TARGET = 4.2;
				SDKROOT = iphoneos;
				TARGETED_DEVICE_FAMILY = 2;
			};
			name = Debug;
		};
		009387641325E43400BF53A0 /* Release */ = {
			isa = XCBuildConfiguration;
			buildSettings = {
				ARCHS = "$(ARCHS_UNIVERSAL_IPHONE_OS)";
				"CODE_SIGN_IDENTITY[sdk=iphoneos*]" = "iPhone Developer";
				GCC_C_LANGUAGE_STANDARD = gnu99;
				GCC_VERSION = com.apple.compilers.llvmgcc42;
				GCC_WARN_ABOUT_RETURN_TYPE = YES;
				GCC_WARN_UNUSED_VARIABLE = YES;
				IPHONEOS_DEPLOYMENT_TARGET = 4.2;
				OTHER_CFLAGS = "-DNS_BLOCK_ASSERTIONS=1";
				SDKROOT = iphoneos;
				TARGETED_DEVICE_FAMILY = 2;
			};
			name = Release;
		};
		009387661325E43400BF53A0 /* Debug */ = {
			isa = XCBuildConfiguration;
			buildSettings = {
				ALWAYS_SEARCH_USER_PATHS = NO;
				ARCHS = "$(ARCHS_STANDARD_32_BIT)";
				COPY_PHASE_STRIP = NO;
				GCC_DYNAMIC_NO_PIC = NO;
				GCC_PRECOMPILE_PREFIX_HEADER = YES;
				GCC_PREFIX_HEADER = "PFGridViewDemo/PFGridViewDemo-Prefix.pch";
				INFOPLIST_FILE = "PFGridViewDemo/PFGridViewDemo-Info.plist";
				INSTALL_PATH = "$(LOCAL_APPS_DIR)";
				LIBRARY_SEARCH_PATHS = (
					"$(inherited)",
					"\"$(SRCROOT)\"",
				);
				OTHER_LDFLAGS = (
					"-ObjC",
					"-all_load",
				);
				PRODUCT_NAME = "$(TARGET_NAME)";
				TARGETED_DEVICE_FAMILY = "1,2";
				WRAPPER_EXTENSION = app;
			};
			name = Debug;
		};
		009387671325E43400BF53A0 /* Release */ = {
			isa = XCBuildConfiguration;
			buildSettings = {
				ALWAYS_SEARCH_USER_PATHS = NO;
				ARCHS = "$(ARCHS_STANDARD_32_BIT)";
				COPY_PHASE_STRIP = YES;
				GCC_PRECOMPILE_PREFIX_HEADER = YES;
				GCC_PREFIX_HEADER = "PFGridViewDemo/PFGridViewDemo-Prefix.pch";
				INFOPLIST_FILE = "PFGridViewDemo/PFGridViewDemo-Info.plist";
				INSTALL_PATH = "$(LOCAL_APPS_DIR)";
				LIBRARY_SEARCH_PATHS = (
					"$(inherited)",
					"\"$(SRCROOT)\"",
				);
				OTHER_LDFLAGS = (
					"-ObjC",
					"-all_load",
				);
				PRODUCT_NAME = "$(TARGET_NAME)";
				TARGETED_DEVICE_FAMILY = "1,2";
				VALIDATE_PRODUCT = YES;
				WRAPPER_EXTENSION = app;
			};
			name = Release;
		};
/* End XCBuildConfiguration section */

/* Begin XCConfigurationList section */
		0093873E1325E43300BF53A0 /* Build configuration list for PBXProject "PFGridViewDemo" */ = {
			isa = XCConfigurationList;
			buildConfigurations = (
				009387631325E43400BF53A0 /* Debug */,
				009387641325E43400BF53A0 /* Release */,
			);
			defaultConfigurationIsVisible = 0;
			defaultConfigurationName = Release;
		};
		009387651325E43400BF53A0 /* Build configuration list for PBXNativeTarget "PFGridViewDemo" */ = {
			isa = XCConfigurationList;
			buildConfigurations = (
				009387661325E43400BF53A0 /* Debug */,
				009387671325E43400BF53A0 /* Release */,
			);
			defaultConfigurationIsVisible = 0;
			defaultConfigurationName = Release;
		};
/* End XCConfigurationList section */
	};
	rootObject = 0093873B1325E43300BF53A0 /* Project object */;
}
